
Microsoft Visual Studio Solution File, Format Version 12.00
# Visual Studio Version 17
VisualStudioVersion = 17.2.32210.308
MinimumVisualStudioVersion = 10.0.40219.1
Project("{9A19103F-16F7-4668-BE54-9A1E7A4F7556}") = "Sharp11", "Sharp11\Sharp11.csproj", "{8191B089-6B7D-4E8D-85DB-13D0471FDCDF}"
EndProject
Project("{2150E333-8FDC-42A3-9474-1A3956D46DE8}") = "GenericAttributes", "GenericAttributes", "{22CE2E60-04F2-45B8-9F8A-6F6064FE3C39}"
EndProject
Project("{9A19103F-16F7-4668-BE54-9A1E7A4F7556}") = "GenericAttributes_Core", "GenericAttributes_Core\GenericAttributes_Core.csproj", "{B755E363-6C06-4FD7-B7C3-89689D41FF5E}"
EndProject
Project("{FAE04EC0-301F-11D3-BF4B-00C04F79EFBC}") = "GenericAttributes_Framework", "GenericAttributes_Framework\GenericAttributes_Framework.csproj", "{91409038-BB6A-41BE-99A2-13989542F888}"
EndProject
Project("{778DAE3C-4631-46EA-AA77-85C1314464D9}") = "GenericAttributes_VB", "GenericAttributes_VB\GenericAttributes_VB.vbproj", "{96CDDFCF-6202-4369-836F-BB2F77FEB1EA}"
EndProject
Project("{9A19103F-16F7-4668-BE54-9A1E7A4F7556}") = "Referenced_Core", "Referenced_Core\Referenced_Core.csproj", "{BFC0D15F-B914-4B84-9927-D063C8563358}"
EndProject
Project("{9A19103F-16F7-4668-BE54-9A1E7A4F7556}") = "Nuget", "Nuget\Nuget.csproj", "{5F1078CD-20CC-464C-9107-4315AA3D9F01}"
EndProject
Project("{9A19103F-16F7-4668-BE54-9A1E7A4F7556}") = "AnotherNuget", "AnotherNuget\AnotherNuget.csproj", "{35D70589-7154-44DA-A5A6-D60CE8B5C64F}"
EndProject
Project("{2150E333-8FDC-42A3-9474-1A3956D46DE8}") = "NewlinesInStringInterpolation", "NewlinesInStringInterpolation", "{C939B479-3A4E-4DB2-97A9-3AFD6ED3D578}"
EndProject
Project("{9A19103F-16F7-4668-BE54-9A1E7A4F7556}") = "Newlines_Core", "Newlines_Core\Newlines_Core.csproj", "{9F601155-2533-403C-AC02-A7470012BE14}"
EndProject
Project("{FAE04EC0-301F-11D3-BF4B-00C04F79EFBC}") = "NewLines_Framework", "NewLines_Framework\NewLines_Framework.csproj", "{9111B713-AEE5-43E0-86FE-75478A708493}"
EndProject
Project("{2150E333-8FDC-42A3-9474-1A3956D46DE8}") = "Checked operators", "Checked operators", "{FA906EB8-E366-401E-AB57-DB5CBE955FA4}"
EndProject
Project("{9A19103F-16F7-4668-BE54-9A1E7A4F7556}") = "CheckedOperators_Core_Lib", "CheckedOperators_Core_Lib\CheckedOperators_Core_Lib.csproj", "{2AD02907-703D-4E80-ABED-BA5FB2D1EF88}"
EndProject
Project("{FAE04EC0-301F-11D3-BF4B-00C04F79EFBC}") = "CheckedOperators_Core_Framework", "CheckedOperators_Core_Framework\CheckedOperators_Core_Framework.csproj", "{C339274C-4270-48AA-B6F9-AEBFAFD48437}"
EndProject
Project("{9A19103F-16F7-4668-BE54-9A1E7A4F7556}") = "CheckedOperators_Core_Console_WithCheckedInCsproj", "CheckedOperators_Core_Console_WithCheckedInCsproj\CheckedOperators_Core_Console_WithCheckedInCsproj.csproj", "{8A1E7928-DFFD-46B1-87D2-BFAC5E3468E9}"
EndProject
Project("{FAE04EC0-301F-11D3-BF4B-00C04F79EFBC}") = "CheckedOperators_Resolve", "CheckedOperators_Resolve\CheckedOperators_Resolve.csproj", "{BC9275B4-B9B6-4D1D-966D-9637D7944BFA}"
EndProject
Project("{9A19103F-16F7-4668-BE54-9A1E7A4F7556}") = "CheckedOperators_UseNuget", "CheckedOperators_UseNuget\CheckedOperators_UseNuget.csproj", "{AC91E0D6-8834-481C-8698-4D8FFB55BCC5}"
EndProject
Project("{FAE04EC0-301F-11D3-BF4B-00C04F79EFBC}") = "CheckedOperators_UseDll", "CheckedOperators_UseDll\CheckedOperators_UseDll.csproj", "{4CB08AF7-AE1C-40D8-B979-573B0195059F}"
EndProject
Project("{9A19103F-16F7-4668-BE54-9A1E7A4F7556}") = "CheckedOperators_checkedCompilerOption", "CheckedOperators_checkedCompilerOption\CheckedOperators_checkedCompilerOption.csproj", "{CB350F55-198F-4821-AC5E-7CEC3E601D6C}"
EndProject
Project("{FAE04EC0-301F-11D3-BF4B-00C04F79EFBC}") = "CheckedOperators_NotSharp11", "CheckedOperators_NotSharp11\CheckedOperators_NotSharp11.csproj", "{1A8038CC-827E-48DE-A3E1-8DE95DAB1174}"
EndProject
Project("{2150E333-8FDC-42A3-9474-1A3956D46DE8}") = "Auto default structs", "Auto default structs", "{4E1F6D3D-8C3F-4473-884C-FF7CF48B2CF5}"
EndProject
Project("{9A19103F-16F7-4668-BE54-9A1E7A4F7556}") = "AutoDefaultStructs_Core_Lib", "AutoDefaultStructs_Core_Lib\AutoDefaultStructs_Core_Lib.csproj", "{75CDEE2F-A6BF-4FDF-A1C4-A21235314901}"
EndProject
Project("{9A19103F-16F7-4668-BE54-9A1E7A4F7556}") = "AutoDefaultStructs_Core_App", "AutoDefaultStructs_Core_App\AutoDefaultStructs_Core_App.csproj", "{373879FF-91F4-45CF-8370-9719E34EA9EE}"
EndProject
Project("{9A19103F-16F7-4668-BE54-9A1E7A4F7556}") = "AutoDefaultStructs_Core_no_preview", "AutoDefaultStructs_Core_no_preview\AutoDefaultStructs_Core_no_preview.csproj", "{7558C2D7-FB02-4C57-8731-675ADA2DE7A5}"
EndProject
Project("{FAE04EC0-301F-11D3-BF4B-00C04F79EFBC}") = "AutoDefaultStructs_Framework_Lib", "AutoDefaultStructs_Framework_Lib\AutoDefaultStructs_Framework_Lib.csproj", "{1564E613-7973-4A95-B9CF-D275B484F4EF}"
EndProject
Project("{FAE04EC0-301F-11D3-BF4B-00C04F79EFBC}") = "AutoDefaultStructs_Nuget", "AutoDefaultStructs_Nuget\AutoDefaultStructs_Nuget.csproj", "{A58BBF25-A5B2-4B3B-BAE7-ADED28C1E312}"
EndProject
Project("{2150E333-8FDC-42A3-9474-1A3956D46DE8}") = "nameof(parameter)", "nameof(parameter)", "{44708723-7D72-45B8-B187-CCF4FED8B57D}"
EndProject
Project("{9A19103F-16F7-4668-BE54-9A1E7A4F7556}") = "Nameof_Core_App", "Nameof_Core_App\Nameof_Core_App.csproj", "{AAB073D2-CFE9-4E32-9DD6-FFF221A8F6AA}"
EndProject
Project("{FAE04EC0-301F-11D3-BF4B-00C04F79EFBC}") = "Nameof_Framework_Lib", "Nameof_Framework_Lib\Nameof_Framework_Lib.csproj", "{7C2024F1-5439-4BD1-B2C1-EEA1160BEB59}"
EndProject
Project("{FAE04EC0-301F-11D3-BF4B-00C04F79EFBC}") = "Nameof_Core_Nuget", "Nameof_Core_Nuget\Nameof_Core_Nuget.csproj", "{39B13BED-003B-4F3E-BB75-466AAEF307EF}"
EndProject
Project("{2150E333-8FDC-42A3-9474-1A3956D46DE8}") = "Required Members", "Required Members", "{33ACD804-BFFB-4134-B4EE-76E474F03F8A}"
EndProject
Project("{9A19103F-16F7-4668-BE54-9A1E7A4F7556}") = "RequiredMembers_Core_App", "RequiredMembers_Core_App\RequiredMembers_Core_App.csproj", "{4BE19836-7550-4108-8507-5FAC0AD660E6}"
EndProject
Project("{9A19103F-16F7-4668-BE54-9A1E7A4F7556}") = "RequiredMembers_Core_Sharp10", "RequiredMembers_Core_Sharp10\RequiredMembers_Core_Sharp10.csproj", "{8BC2DD1F-D90C-411F-B025-DA8A2E3812F3}"
EndProject
Project("{FAE04EC0-301F-11D3-BF4B-00C04F79EFBC}") = "RequiredMembers_FrameworkLib", "RequiredMembers_FrameworkLib\RequiredMembers_FrameworkLib.csproj", "{63AB354D-97A1-4DCC-B897-79D1D85898D2}"
EndProject
Project("{9A19103F-16F7-4668-BE54-9A1E7A4F7556}") = "RequiredMembers_NugetCore", "RequiredMembers_NugetCore\RequiredMembers_NugetCore.csproj", "{D403B411-822E-46E7-9DD3-4CE5A978678B}"
EndProject
Project("{9A19103F-16F7-4668-BE54-9A1E7A4F7556}") = "RequiredMembers_Core_ReferenceMe", "RequiredMembers_Net6_Sharp11_ReferenceMe\RequiredMembers_Core_ReferenceMe.csproj", "{30DE5400-A3B5-44EA-8F69-96A5D0A3732F}"
EndProject
Project("{9A19103F-16F7-4668-BE54-9A1E7A4F7556}") = "RequiredMembers_Net6", "RequiredMembers_Net6\RequiredMembers_Net6.csproj", "{EC6783D0-15F9-44E2-A9E9-44530F1A9021}"
EndProject
Project("{FAE04EC0-301F-11D3-BF4B-00C04F79EFBC}") = "RequiredMembers_Multi", "RequiredMembers_Multi\RequiredMembers_Multi.csproj", "{F32FE153-17A3-4341-AF21-DCC72BBD4E61}"
EndProject
Project("{2150E333-8FDC-42A3-9474-1A3956D46DE8}") = "File local types", "File local types", "{E5C2B5C7-6C60-4240-8D15-5F549F3EF903}"
EndProject
Project("{9A19103F-16F7-4668-BE54-9A1E7A4F7556}") = "FileLocalTypes_CoreApp", "FileLocalTypes_CoreApp\FileLocalTypes_CoreApp.csproj", "{9E1BAD2C-6967-4FE9-817A-BB7D60F7DADF}"
EndProject
Project("{FAE04EC0-301F-11D3-BF4B-00C04F79EFBC}") = "FileLocalTypes_FrameworkLib", "FileLocalTypes_FrameworkLib\FileLocalTypes_FrameworkLib.csproj", "{9303EB56-6EAE-4DFA-867E-6F56199DAC10}"
EndProject
Project("{9A19103F-16F7-4668-BE54-9A1E7A4F7556}") = "FileLocalTypes_CoreLib", "FileLocalTypes_CoreLib\FileLocalTypes_CoreLib.csproj", "{72813872-0FC2-41B2-99ED-D5625D565D5B}"
EndProject
Project("{9A19103F-16F7-4668-BE54-9A1E7A4F7556}") = "FileLocalTypes_Multi", "FileLocalTypes_Multi\FileLocalTypes_Multi.csproj", "{60B5C8BA-E279-415C-816F-B376D02549EA}"
EndProject
Project("{FAE04EC0-301F-11D3-BF4B-00C04F79EFBC}") = "FileLocalTypes_Nuget", "FileLocalTypes_Nuget\FileLocalTypes_Nuget.csproj", "{E2DF8D0C-DC7B-401F-892E-1DE4E61210E7}"
EndProject
Project("{9A19103F-16F7-4668-BE54-9A1E7A4F7556}") = "FileLocalTypes_Sharp10", "FileLocalTypes_Sharp10\FileLocalTypes_Sharp10.csproj", "{63957EFE-BDCD-44C2-9AEA-09E8AB8DA48D}"
EndProject
Project("{FAE04EC0-301F-11D3-BF4B-00C04F79EFBC}") = "FileLocalTypes_Framework_Sharp10", "FileLocalTypes_Framework_Sharp10\FileLocalTypes_Framework_Sharp10.csproj", "{D081F226-25AE-4723-9D86-4D858E935B09}"
EndProject
Project("{2150E333-8FDC-42A3-9474-1A3956D46DE8}") = "UTF8 String Literals", "UTF8 String Literals", "{E9FEF022-F998-4DB1-B165-72169FEA1E58}"
EndProject
Project("{9A19103F-16F7-4668-BE54-9A1E7A4F7556}") = "utf8_Core_App", "utf8_Core_App\utf8_Core_App.csproj", "{8467D7A4-15AB-4F1E-AD14-7A0986F0D08B}"
EndProject
Project("{FAE04EC0-301F-11D3-BF4B-00C04F79EFBC}") = "Utf8_FrameworkLib", "Utf8_FrameworkLib\Utf8_FrameworkLib.csproj", "{7F66A3F6-B725-4211-BC58-D0A9102B80F1}"
EndProject
Project("{9A19103F-16F7-4668-BE54-9A1E7A4F7556}") = "utf8_Core_Lib", "utf8_Core_Lib\utf8_Core_Lib.csproj", "{521EFCF7-82DC-46D5-9284-AF506417BD5A}"
EndProject
Project("{2150E333-8FDC-42A3-9474-1A3956D46DE8}") = "Numeric IntPtr", "Numeric IntPtr", "{7673ADCE-D7D4-49E0-8D1A-1017892739C9}"
EndProject
Project("{9A19103F-16F7-4668-BE54-9A1E7A4F7556}") = "NumericIntPtr_Core_App", "NumericIntPtr_Core_App\NumericIntPtr_Core_App.csproj", "{783E7A15-7901-46B5-A8C5-07F93B1F1656}"
EndProject
Project("{FAE04EC0-301F-11D3-BF4B-00C04F79EFBC}") = "NumericIntPtr_Framework_Lib", "NumericIntPtr_Framework_Lib\NumericIntPtr_Framework_Lib.csproj", "{EC3D6363-3EFC-4439-9473-FE0D954373DF}"
EndProject
Project("{9A19103F-16F7-4668-BE54-9A1E7A4F7556}") = "NumericIntPtr_Core6", "NumericIntPtr_Core6\NumericIntPtr_Core6.csproj", "{19C7E786-5E7D-44C2-AC5C-3F7DD4F1D74D}"
EndProject
Project("{2150E333-8FDC-42A3-9474-1A3956D46DE8}") = "Unsigned Right Shift Operator", "Unsigned Right Shift Operator", "{FD5A1F23-89E5-41D3-8555-2643AFB55FBB}"
EndProject
Project("{9A19103F-16F7-4668-BE54-9A1E7A4F7556}") = "UnsignedRightShift_Core_App", "UnsignedRightShift_Core_App\UnsignedRightShift_Core_App.csproj", "{7664F31D-419A-4364-9B4E-BBEBAEE420F7}"
EndProject
Project("{FAE04EC0-301F-11D3-BF4B-00C04F79EFBC}") = "UnsignedRightShift_Framework", "UnsignedRightShift_Framework\UnsignedRightShift_Framework.csproj", "{E5C912DA-D854-41A6-B71C-389BA1A1C301}"
EndProject
Project("{778DAE3C-4631-46EA-AA77-85C1314464D9}") = "UnsignedRightShift_VB", "UnsignedRightShift_VB\UnsignedRightShift_VB.vbproj", "{1192ED61-6FD6-4401-BE9A-2ABEB7D89439}"
EndProject
Project("{2150E333-8FDC-42A3-9474-1A3956D46DE8}") = "Raw Strings", "Raw Strings", "{5C71F2BC-3648-4CC7-9D15-891C5B77B848}"
EndProject
Project("{9A19103F-16F7-4668-BE54-9A1E7A4F7556}") = "RawStrings_Core_App", "RawStrings_Core_App\RawStrings_Core_App.csproj", "{2B48CF03-68D2-4297-9FDE-365C22CE549B}"
EndProject
Project("{FAE04EC0-301F-11D3-BF4B-00C04F79EFBC}") = "RawStrings_Framework", "RawStrings_Framework\RawStrings_Framework.csproj", "{2316F4B3-5E94-4E08-AD11-CB1A17A308A2}"
EndProject
Project("{9A19103F-16F7-4668-BE54-9A1E7A4F7556}") = "RawString_Blazor", "RawString_Blazor\RawString_Blazor.csproj", "{7F8A8617-C0A1-424B-A3D3-E9066A5485CD}"
EndProject
Project("{778DAE3C-4631-46EA-AA77-85C1314464D9}") = "RawStrings_VB", "RawStrings_VB\RawStrings_VB.vbproj", "{4CF56C34-E4C2-49CE-B268-623FA82E5E4B}"
EndProject
Project("{FAE04EC0-301F-11D3-BF4B-00C04F79EFBC}") = "RawStrings_Core_Lib", "RawStrings_Core_Lib\RawStrings_Core_Lib.csproj", "{982F60B2-22B4-4196-9C7F-0E56BAA0F965}"
EndProject
Global
	GlobalSection(SolutionConfigurationPlatforms) = preSolution
		Debug|Any CPU = Debug|Any CPU
		Release|Any CPU = Release|Any CPU
	EndGlobalSection
	GlobalSection(ProjectConfigurationPlatforms) = postSolution
		{8191B089-6B7D-4E8D-85DB-13D0471FDCDF}.Debug|Any CPU.ActiveCfg = Debug|Any CPU
		{8191B089-6B7D-4E8D-85DB-13D0471FDCDF}.Debug|Any CPU.Build.0 = Debug|Any CPU
		{8191B089-6B7D-4E8D-85DB-13D0471FDCDF}.Release|Any CPU.ActiveCfg = Release|Any CPU
		{8191B089-6B7D-4E8D-85DB-13D0471FDCDF}.Release|Any CPU.Build.0 = Release|Any CPU
		{B755E363-6C06-4FD7-B7C3-89689D41FF5E}.Debug|Any CPU.ActiveCfg = Debug|Any CPU
		{B755E363-6C06-4FD7-B7C3-89689D41FF5E}.Debug|Any CPU.Build.0 = Debug|Any CPU
		{B755E363-6C06-4FD7-B7C3-89689D41FF5E}.Release|Any CPU.ActiveCfg = Release|Any CPU
		{B755E363-6C06-4FD7-B7C3-89689D41FF5E}.Release|Any CPU.Build.0 = Release|Any CPU
		{91409038-BB6A-41BE-99A2-13989542F888}.Debug|Any CPU.ActiveCfg = Debug|Any CPU
		{91409038-BB6A-41BE-99A2-13989542F888}.Debug|Any CPU.Build.0 = Debug|Any CPU
		{91409038-BB6A-41BE-99A2-13989542F888}.Release|Any CPU.ActiveCfg = Release|Any CPU
		{91409038-BB6A-41BE-99A2-13989542F888}.Release|Any CPU.Build.0 = Release|Any CPU
		{96CDDFCF-6202-4369-836F-BB2F77FEB1EA}.Debug|Any CPU.ActiveCfg = Debug|Any CPU
		{96CDDFCF-6202-4369-836F-BB2F77FEB1EA}.Debug|Any CPU.Build.0 = Debug|Any CPU
		{96CDDFCF-6202-4369-836F-BB2F77FEB1EA}.Release|Any CPU.ActiveCfg = Release|Any CPU
		{96CDDFCF-6202-4369-836F-BB2F77FEB1EA}.Release|Any CPU.Build.0 = Release|Any CPU
		{BFC0D15F-B914-4B84-9927-D063C8563358}.Debug|Any CPU.ActiveCfg = Debug|Any CPU
		{BFC0D15F-B914-4B84-9927-D063C8563358}.Debug|Any CPU.Build.0 = Debug|Any CPU
		{BFC0D15F-B914-4B84-9927-D063C8563358}.Release|Any CPU.ActiveCfg = Release|Any CPU
		{BFC0D15F-B914-4B84-9927-D063C8563358}.Release|Any CPU.Build.0 = Release|Any CPU
		{5F1078CD-20CC-464C-9107-4315AA3D9F01}.Debug|Any CPU.ActiveCfg = Debug|Any CPU
		{5F1078CD-20CC-464C-9107-4315AA3D9F01}.Debug|Any CPU.Build.0 = Debug|Any CPU
		{5F1078CD-20CC-464C-9107-4315AA3D9F01}.Release|Any CPU.ActiveCfg = Release|Any CPU
		{5F1078CD-20CC-464C-9107-4315AA3D9F01}.Release|Any CPU.Build.0 = Release|Any CPU
		{35D70589-7154-44DA-A5A6-D60CE8B5C64F}.Debug|Any CPU.ActiveCfg = Debug|Any CPU
		{35D70589-7154-44DA-A5A6-D60CE8B5C64F}.Debug|Any CPU.Build.0 = Debug|Any CPU
		{35D70589-7154-44DA-A5A6-D60CE8B5C64F}.Release|Any CPU.ActiveCfg = Release|Any CPU
		{35D70589-7154-44DA-A5A6-D60CE8B5C64F}.Release|Any CPU.Build.0 = Release|Any CPU
		{9F601155-2533-403C-AC02-A7470012BE14}.Debug|Any CPU.ActiveCfg = Debug|Any CPU
		{9F601155-2533-403C-AC02-A7470012BE14}.Debug|Any CPU.Build.0 = Debug|Any CPU
		{9F601155-2533-403C-AC02-A7470012BE14}.Release|Any CPU.ActiveCfg = Release|Any CPU
		{9F601155-2533-403C-AC02-A7470012BE14}.Release|Any CPU.Build.0 = Release|Any CPU
		{9111B713-AEE5-43E0-86FE-75478A708493}.Debug|Any CPU.ActiveCfg = Debug|Any CPU
		{9111B713-AEE5-43E0-86FE-75478A708493}.Debug|Any CPU.Build.0 = Debug|Any CPU
		{9111B713-AEE5-43E0-86FE-75478A708493}.Release|Any CPU.ActiveCfg = Release|Any CPU
		{9111B713-AEE5-43E0-86FE-75478A708493}.Release|Any CPU.Build.0 = Release|Any CPU
		{2AD02907-703D-4E80-ABED-BA5FB2D1EF88}.Debug|Any CPU.ActiveCfg = Debug|Any CPU
		{2AD02907-703D-4E80-ABED-BA5FB2D1EF88}.Debug|Any CPU.Build.0 = Debug|Any CPU
		{2AD02907-703D-4E80-ABED-BA5FB2D1EF88}.Release|Any CPU.ActiveCfg = Release|Any CPU
		{2AD02907-703D-4E80-ABED-BA5FB2D1EF88}.Release|Any CPU.Build.0 = Release|Any CPU
		{C339274C-4270-48AA-B6F9-AEBFAFD48437}.Debug|Any CPU.ActiveCfg = Debug|Any CPU
		{C339274C-4270-48AA-B6F9-AEBFAFD48437}.Debug|Any CPU.Build.0 = Debug|Any CPU
		{C339274C-4270-48AA-B6F9-AEBFAFD48437}.Release|Any CPU.ActiveCfg = Release|Any CPU
		{C339274C-4270-48AA-B6F9-AEBFAFD48437}.Release|Any CPU.Build.0 = Release|Any CPU
		{8A1E7928-DFFD-46B1-87D2-BFAC5E3468E9}.Debug|Any CPU.ActiveCfg = Debug|Any CPU
		{8A1E7928-DFFD-46B1-87D2-BFAC5E3468E9}.Debug|Any CPU.Build.0 = Debug|Any CPU
		{8A1E7928-DFFD-46B1-87D2-BFAC5E3468E9}.Release|Any CPU.ActiveCfg = Release|Any CPU
		{8A1E7928-DFFD-46B1-87D2-BFAC5E3468E9}.Release|Any CPU.Build.0 = Release|Any CPU
		{BC9275B4-B9B6-4D1D-966D-9637D7944BFA}.Debug|Any CPU.ActiveCfg = Debug|Any CPU
		{BC9275B4-B9B6-4D1D-966D-9637D7944BFA}.Debug|Any CPU.Build.0 = Debug|Any CPU
		{BC9275B4-B9B6-4D1D-966D-9637D7944BFA}.Release|Any CPU.ActiveCfg = Release|Any CPU
		{BC9275B4-B9B6-4D1D-966D-9637D7944BFA}.Release|Any CPU.Build.0 = Release|Any CPU
		{AC91E0D6-8834-481C-8698-4D8FFB55BCC5}.Debug|Any CPU.ActiveCfg = Debug|Any CPU
		{AC91E0D6-8834-481C-8698-4D8FFB55BCC5}.Debug|Any CPU.Build.0 = Debug|Any CPU
		{AC91E0D6-8834-481C-8698-4D8FFB55BCC5}.Release|Any CPU.ActiveCfg = Release|Any CPU
		{AC91E0D6-8834-481C-8698-4D8FFB55BCC5}.Release|Any CPU.Build.0 = Release|Any CPU
		{4CB08AF7-AE1C-40D8-B979-573B0195059F}.Debug|Any CPU.ActiveCfg = Debug|Any CPU
		{4CB08AF7-AE1C-40D8-B979-573B0195059F}.Debug|Any CPU.Build.0 = Debug|Any CPU
		{4CB08AF7-AE1C-40D8-B979-573B0195059F}.Release|Any CPU.ActiveCfg = Release|Any CPU
		{4CB08AF7-AE1C-40D8-B979-573B0195059F}.Release|Any CPU.Build.0 = Release|Any CPU
		{CB350F55-198F-4821-AC5E-7CEC3E601D6C}.Debug|Any CPU.ActiveCfg = Debug|Any CPU
		{CB350F55-198F-4821-AC5E-7CEC3E601D6C}.Debug|Any CPU.Build.0 = Debug|Any CPU
		{CB350F55-198F-4821-AC5E-7CEC3E601D6C}.Release|Any CPU.ActiveCfg = Release|Any CPU
		{CB350F55-198F-4821-AC5E-7CEC3E601D6C}.Release|Any CPU.Build.0 = Release|Any CPU
		{1A8038CC-827E-48DE-A3E1-8DE95DAB1174}.Debug|Any CPU.ActiveCfg = Debug|Any CPU
		{1A8038CC-827E-48DE-A3E1-8DE95DAB1174}.Debug|Any CPU.Build.0 = Debug|Any CPU
		{1A8038CC-827E-48DE-A3E1-8DE95DAB1174}.Release|Any CPU.ActiveCfg = Release|Any CPU
		{1A8038CC-827E-48DE-A3E1-8DE95DAB1174}.Release|Any CPU.Build.0 = Release|Any CPU
		{75CDEE2F-A6BF-4FDF-A1C4-A21235314901}.Debug|Any CPU.ActiveCfg = Debug|Any CPU
		{75CDEE2F-A6BF-4FDF-A1C4-A21235314901}.Debug|Any CPU.Build.0 = Debug|Any CPU
		{75CDEE2F-A6BF-4FDF-A1C4-A21235314901}.Release|Any CPU.ActiveCfg = Release|Any CPU
		{75CDEE2F-A6BF-4FDF-A1C4-A21235314901}.Release|Any CPU.Build.0 = Release|Any CPU
		{373879FF-91F4-45CF-8370-9719E34EA9EE}.Debug|Any CPU.ActiveCfg = Debug|Any CPU
		{373879FF-91F4-45CF-8370-9719E34EA9EE}.Debug|Any CPU.Build.0 = Debug|Any CPU
		{373879FF-91F4-45CF-8370-9719E34EA9EE}.Release|Any CPU.ActiveCfg = Release|Any CPU
		{373879FF-91F4-45CF-8370-9719E34EA9EE}.Release|Any CPU.Build.0 = Release|Any CPU
		{7558C2D7-FB02-4C57-8731-675ADA2DE7A5}.Debug|Any CPU.ActiveCfg = Debug|Any CPU
		{7558C2D7-FB02-4C57-8731-675ADA2DE7A5}.Debug|Any CPU.Build.0 = Debug|Any CPU
		{7558C2D7-FB02-4C57-8731-675ADA2DE7A5}.Release|Any CPU.ActiveCfg = Release|Any CPU
		{7558C2D7-FB02-4C57-8731-675ADA2DE7A5}.Release|Any CPU.Build.0 = Release|Any CPU
		{1564E613-7973-4A95-B9CF-D275B484F4EF}.Debug|Any CPU.ActiveCfg = Debug|Any CPU
		{1564E613-7973-4A95-B9CF-D275B484F4EF}.Debug|Any CPU.Build.0 = Debug|Any CPU
		{1564E613-7973-4A95-B9CF-D275B484F4EF}.Release|Any CPU.ActiveCfg = Release|Any CPU
		{1564E613-7973-4A95-B9CF-D275B484F4EF}.Release|Any CPU.Build.0 = Release|Any CPU
		{A58BBF25-A5B2-4B3B-BAE7-ADED28C1E312}.Debug|Any CPU.ActiveCfg = Debug|Any CPU
		{A58BBF25-A5B2-4B3B-BAE7-ADED28C1E312}.Debug|Any CPU.Build.0 = Debug|Any CPU
		{A58BBF25-A5B2-4B3B-BAE7-ADED28C1E312}.Release|Any CPU.ActiveCfg = Release|Any CPU
		{A58BBF25-A5B2-4B3B-BAE7-ADED28C1E312}.Release|Any CPU.Build.0 = Release|Any CPU
		{AAB073D2-CFE9-4E32-9DD6-FFF221A8F6AA}.Debug|Any CPU.ActiveCfg = Debug|Any CPU
		{AAB073D2-CFE9-4E32-9DD6-FFF221A8F6AA}.Debug|Any CPU.Build.0 = Debug|Any CPU
		{AAB073D2-CFE9-4E32-9DD6-FFF221A8F6AA}.Release|Any CPU.ActiveCfg = Release|Any CPU
		{AAB073D2-CFE9-4E32-9DD6-FFF221A8F6AA}.Release|Any CPU.Build.0 = Release|Any CPU
		{7C2024F1-5439-4BD1-B2C1-EEA1160BEB59}.Debug|Any CPU.ActiveCfg = Debug|Any CPU
		{7C2024F1-5439-4BD1-B2C1-EEA1160BEB59}.Debug|Any CPU.Build.0 = Debug|Any CPU
		{7C2024F1-5439-4BD1-B2C1-EEA1160BEB59}.Release|Any CPU.ActiveCfg = Release|Any CPU
		{7C2024F1-5439-4BD1-B2C1-EEA1160BEB59}.Release|Any CPU.Build.0 = Release|Any CPU
		{39B13BED-003B-4F3E-BB75-466AAEF307EF}.Debug|Any CPU.ActiveCfg = Debug|Any CPU
		{39B13BED-003B-4F3E-BB75-466AAEF307EF}.Debug|Any CPU.Build.0 = Debug|Any CPU
		{39B13BED-003B-4F3E-BB75-466AAEF307EF}.Release|Any CPU.ActiveCfg = Release|Any CPU
		{39B13BED-003B-4F3E-BB75-466AAEF307EF}.Release|Any CPU.Build.0 = Release|Any CPU
		{4BE19836-7550-4108-8507-5FAC0AD660E6}.Debug|Any CPU.ActiveCfg = Debug|Any CPU
		{4BE19836-7550-4108-8507-5FAC0AD660E6}.Debug|Any CPU.Build.0 = Debug|Any CPU
		{4BE19836-7550-4108-8507-5FAC0AD660E6}.Release|Any CPU.ActiveCfg = Release|Any CPU
		{4BE19836-7550-4108-8507-5FAC0AD660E6}.Release|Any CPU.Build.0 = Release|Any CPU
		{8BC2DD1F-D90C-411F-B025-DA8A2E3812F3}.Debug|Any CPU.ActiveCfg = Debug|Any CPU
		{8BC2DD1F-D90C-411F-B025-DA8A2E3812F3}.Debug|Any CPU.Build.0 = Debug|Any CPU
		{8BC2DD1F-D90C-411F-B025-DA8A2E3812F3}.Release|Any CPU.ActiveCfg = Release|Any CPU
		{8BC2DD1F-D90C-411F-B025-DA8A2E3812F3}.Release|Any CPU.Build.0 = Release|Any CPU
		{63AB354D-97A1-4DCC-B897-79D1D85898D2}.Debug|Any CPU.ActiveCfg = Debug|Any CPU
		{63AB354D-97A1-4DCC-B897-79D1D85898D2}.Debug|Any CPU.Build.0 = Debug|Any CPU
		{63AB354D-97A1-4DCC-B897-79D1D85898D2}.Release|Any CPU.ActiveCfg = Release|Any CPU
		{63AB354D-97A1-4DCC-B897-79D1D85898D2}.Release|Any CPU.Build.0 = Release|Any CPU
		{D403B411-822E-46E7-9DD3-4CE5A978678B}.Debug|Any CPU.ActiveCfg = Debug|Any CPU
		{D403B411-822E-46E7-9DD3-4CE5A978678B}.Debug|Any CPU.Build.0 = Debug|Any CPU
		{D403B411-822E-46E7-9DD3-4CE5A978678B}.Release|Any CPU.ActiveCfg = Release|Any CPU
		{D403B411-822E-46E7-9DD3-4CE5A978678B}.Release|Any CPU.Build.0 = Release|Any CPU
		{30DE5400-A3B5-44EA-8F69-96A5D0A3732F}.Debug|Any CPU.ActiveCfg = Debug|Any CPU
		{30DE5400-A3B5-44EA-8F69-96A5D0A3732F}.Debug|Any CPU.Build.0 = Debug|Any CPU
		{30DE5400-A3B5-44EA-8F69-96A5D0A3732F}.Release|Any CPU.ActiveCfg = Release|Any CPU
		{30DE5400-A3B5-44EA-8F69-96A5D0A3732F}.Release|Any CPU.Build.0 = Release|Any CPU
		{EC6783D0-15F9-44E2-A9E9-44530F1A9021}.Debug|Any CPU.ActiveCfg = Debug|Any CPU
		{EC6783D0-15F9-44E2-A9E9-44530F1A9021}.Debug|Any CPU.Build.0 = Debug|Any CPU
		{EC6783D0-15F9-44E2-A9E9-44530F1A9021}.Release|Any CPU.ActiveCfg = Release|Any CPU
		{EC6783D0-15F9-44E2-A9E9-44530F1A9021}.Release|Any CPU.Build.0 = Release|Any CPU
		{F32FE153-17A3-4341-AF21-DCC72BBD4E61}.Debug|Any CPU.ActiveCfg = Debug|Any CPU
		{F32FE153-17A3-4341-AF21-DCC72BBD4E61}.Debug|Any CPU.Build.0 = Debug|Any CPU
		{F32FE153-17A3-4341-AF21-DCC72BBD4E61}.Release|Any CPU.ActiveCfg = Release|Any CPU
		{F32FE153-17A3-4341-AF21-DCC72BBD4E61}.Release|Any CPU.Build.0 = Release|Any CPU
		{9E1BAD2C-6967-4FE9-817A-BB7D60F7DADF}.Debug|Any CPU.ActiveCfg = Debug|Any CPU
		{9E1BAD2C-6967-4FE9-817A-BB7D60F7DADF}.Debug|Any CPU.Build.0 = Debug|Any CPU
		{9E1BAD2C-6967-4FE9-817A-BB7D60F7DADF}.Release|Any CPU.ActiveCfg = Release|Any CPU
		{9E1BAD2C-6967-4FE9-817A-BB7D60F7DADF}.Release|Any CPU.Build.0 = Release|Any CPU
		{9303EB56-6EAE-4DFA-867E-6F56199DAC10}.Debug|Any CPU.ActiveCfg = Debug|Any CPU
		{9303EB56-6EAE-4DFA-867E-6F56199DAC10}.Debug|Any CPU.Build.0 = Debug|Any CPU
		{9303EB56-6EAE-4DFA-867E-6F56199DAC10}.Release|Any CPU.ActiveCfg = Release|Any CPU
		{9303EB56-6EAE-4DFA-867E-6F56199DAC10}.Release|Any CPU.Build.0 = Release|Any CPU
		{72813872-0FC2-41B2-99ED-D5625D565D5B}.Debug|Any CPU.ActiveCfg = Debug|Any CPU
		{72813872-0FC2-41B2-99ED-D5625D565D5B}.Debug|Any CPU.Build.0 = Debug|Any CPU
		{72813872-0FC2-41B2-99ED-D5625D565D5B}.Release|Any CPU.ActiveCfg = Release|Any CPU
		{72813872-0FC2-41B2-99ED-D5625D565D5B}.Release|Any CPU.Build.0 = Release|Any CPU
		{60B5C8BA-E279-415C-816F-B376D02549EA}.Debug|Any CPU.ActiveCfg = Debug|Any CPU
		{60B5C8BA-E279-415C-816F-B376D02549EA}.Debug|Any CPU.Build.0 = Debug|Any CPU
		{60B5C8BA-E279-415C-816F-B376D02549EA}.Release|Any CPU.ActiveCfg = Release|Any CPU
		{60B5C8BA-E279-415C-816F-B376D02549EA}.Release|Any CPU.Build.0 = Release|Any CPU
		{E2DF8D0C-DC7B-401F-892E-1DE4E61210E7}.Debug|Any CPU.ActiveCfg = Debug|Any CPU
		{E2DF8D0C-DC7B-401F-892E-1DE4E61210E7}.Debug|Any CPU.Build.0 = Debug|Any CPU
		{E2DF8D0C-DC7B-401F-892E-1DE4E61210E7}.Release|Any CPU.ActiveCfg = Release|Any CPU
		{E2DF8D0C-DC7B-401F-892E-1DE4E61210E7}.Release|Any CPU.Build.0 = Release|Any CPU
		{63957EFE-BDCD-44C2-9AEA-09E8AB8DA48D}.Debug|Any CPU.ActiveCfg = Debug|Any CPU
		{63957EFE-BDCD-44C2-9AEA-09E8AB8DA48D}.Debug|Any CPU.Build.0 = Debug|Any CPU
		{63957EFE-BDCD-44C2-9AEA-09E8AB8DA48D}.Release|Any CPU.ActiveCfg = Release|Any CPU
		{63957EFE-BDCD-44C2-9AEA-09E8AB8DA48D}.Release|Any CPU.Build.0 = Release|Any CPU
		{D081F226-25AE-4723-9D86-4D858E935B09}.Debug|Any CPU.ActiveCfg = Debug|Any CPU
		{D081F226-25AE-4723-9D86-4D858E935B09}.Debug|Any CPU.Build.0 = Debug|Any CPU
		{D081F226-25AE-4723-9D86-4D858E935B09}.Release|Any CPU.ActiveCfg = Release|Any CPU
		{D081F226-25AE-4723-9D86-4D858E935B09}.Release|Any CPU.Build.0 = Release|Any CPU
		{8467D7A4-15AB-4F1E-AD14-7A0986F0D08B}.Debug|Any CPU.ActiveCfg = Debug|Any CPU
		{8467D7A4-15AB-4F1E-AD14-7A0986F0D08B}.Debug|Any CPU.Build.0 = Debug|Any CPU
		{8467D7A4-15AB-4F1E-AD14-7A0986F0D08B}.Release|Any CPU.ActiveCfg = Release|Any CPU
		{8467D7A4-15AB-4F1E-AD14-7A0986F0D08B}.Release|Any CPU.Build.0 = Release|Any CPU
		{7F66A3F6-B725-4211-BC58-D0A9102B80F1}.Debug|Any CPU.ActiveCfg = Debug|Any CPU
		{7F66A3F6-B725-4211-BC58-D0A9102B80F1}.Debug|Any CPU.Build.0 = Debug|Any CPU
		{7F66A3F6-B725-4211-BC58-D0A9102B80F1}.Release|Any CPU.ActiveCfg = Release|Any CPU
		{7F66A3F6-B725-4211-BC58-D0A9102B80F1}.Release|Any CPU.Build.0 = Release|Any CPU
		{521EFCF7-82DC-46D5-9284-AF506417BD5A}.Debug|Any CPU.ActiveCfg = Debug|Any CPU
		{521EFCF7-82DC-46D5-9284-AF506417BD5A}.Debug|Any CPU.Build.0 = Debug|Any CPU
		{521EFCF7-82DC-46D5-9284-AF506417BD5A}.Release|Any CPU.ActiveCfg = Release|Any CPU
		{521EFCF7-82DC-46D5-9284-AF506417BD5A}.Release|Any CPU.Build.0 = Release|Any CPU
		{783E7A15-7901-46B5-A8C5-07F93B1F1656}.Debug|Any CPU.ActiveCfg = Debug|Any CPU
		{783E7A15-7901-46B5-A8C5-07F93B1F1656}.Debug|Any CPU.Build.0 = Debug|Any CPU
		{783E7A15-7901-46B5-A8C5-07F93B1F1656}.Release|Any CPU.ActiveCfg = Release|Any CPU
		{783E7A15-7901-46B5-A8C5-07F93B1F1656}.Release|Any CPU.Build.0 = Release|Any CPU
		{EC3D6363-3EFC-4439-9473-FE0D954373DF}.Debug|Any CPU.ActiveCfg = Debug|Any CPU
		{EC3D6363-3EFC-4439-9473-FE0D954373DF}.Debug|Any CPU.Build.0 = Debug|Any CPU
		{EC3D6363-3EFC-4439-9473-FE0D954373DF}.Release|Any CPU.ActiveCfg = Release|Any CPU
		{EC3D6363-3EFC-4439-9473-FE0D954373DF}.Release|Any CPU.Build.0 = Release|Any CPU
		{19C7E786-5E7D-44C2-AC5C-3F7DD4F1D74D}.Debug|Any CPU.ActiveCfg = Debug|Any CPU
		{19C7E786-5E7D-44C2-AC5C-3F7DD4F1D74D}.Debug|Any CPU.Build.0 = Debug|Any CPU
		{19C7E786-5E7D-44C2-AC5C-3F7DD4F1D74D}.Release|Any CPU.ActiveCfg = Release|Any CPU
		{19C7E786-5E7D-44C2-AC5C-3F7DD4F1D74D}.Release|Any CPU.Build.0 = Release|Any CPU
		{7664F31D-419A-4364-9B4E-BBEBAEE420F7}.Debug|Any CPU.ActiveCfg = Debug|Any CPU
		{7664F31D-419A-4364-9B4E-BBEBAEE420F7}.Debug|Any CPU.Build.0 = Debug|Any CPU
		{7664F31D-419A-4364-9B4E-BBEBAEE420F7}.Release|Any CPU.ActiveCfg = Release|Any CPU
		{7664F31D-419A-4364-9B4E-BBEBAEE420F7}.Release|Any CPU.Build.0 = Release|Any CPU
		{E5C912DA-D854-41A6-B71C-389BA1A1C301}.Debug|Any CPU.ActiveCfg = Debug|Any CPU
		{E5C912DA-D854-41A6-B71C-389BA1A1C301}.Debug|Any CPU.Build.0 = Debug|Any CPU
		{E5C912DA-D854-41A6-B71C-389BA1A1C301}.Release|Any CPU.ActiveCfg = Release|Any CPU
		{E5C912DA-D854-41A6-B71C-389BA1A1C301}.Release|Any CPU.Build.0 = Release|Any CPU
		{1192ED61-6FD6-4401-BE9A-2ABEB7D89439}.Debug|Any CPU.ActiveCfg = Debug|Any CPU
		{1192ED61-6FD6-4401-BE9A-2ABEB7D89439}.Debug|Any CPU.Build.0 = Debug|Any CPU
		{1192ED61-6FD6-4401-BE9A-2ABEB7D89439}.Release|Any CPU.ActiveCfg = Release|Any CPU
		{1192ED61-6FD6-4401-BE9A-2ABEB7D89439}.Release|Any CPU.Build.0 = Release|Any CPU
		{2B48CF03-68D2-4297-9FDE-365C22CE549B}.Debug|Any CPU.ActiveCfg = Debug|Any CPU
		{2B48CF03-68D2-4297-9FDE-365C22CE549B}.Debug|Any CPU.Build.0 = Debug|Any CPU
		{2B48CF03-68D2-4297-9FDE-365C22CE549B}.Release|Any CPU.ActiveCfg = Release|Any CPU
		{2B48CF03-68D2-4297-9FDE-365C22CE549B}.Release|Any CPU.Build.0 = Release|Any CPU
		{2316F4B3-5E94-4E08-AD11-CB1A17A308A2}.Debug|Any CPU.ActiveCfg = Debug|Any CPU
		{2316F4B3-5E94-4E08-AD11-CB1A17A308A2}.Debug|Any CPU.Build.0 = Debug|Any CPU
		{2316F4B3-5E94-4E08-AD11-CB1A17A308A2}.Release|Any CPU.ActiveCfg = Release|Any CPU
		{2316F4B3-5E94-4E08-AD11-CB1A17A308A2}.Release|Any CPU.Build.0 = Release|Any CPU
		{7F8A8617-C0A1-424B-A3D3-E9066A5485CD}.Debug|Any CPU.ActiveCfg = Debug|Any CPU
		{7F8A8617-C0A1-424B-A3D3-E9066A5485CD}.Debug|Any CPU.Build.0 = Debug|Any CPU
		{7F8A8617-C0A1-424B-A3D3-E9066A5485CD}.Release|Any CPU.ActiveCfg = Release|Any CPU
		{7F8A8617-C0A1-424B-A3D3-E9066A5485CD}.Release|Any CPU.Build.0 = Release|Any CPU
		{4CF56C34-E4C2-49CE-B268-623FA82E5E4B}.Debug|Any CPU.ActiveCfg = Debug|Any CPU
		{4CF56C34-E4C2-49CE-B268-623FA82E5E4B}.Debug|Any CPU.Build.0 = Debug|Any CPU
		{4CF56C34-E4C2-49CE-B268-623FA82E5E4B}.Release|Any CPU.ActiveCfg = Release|Any CPU
		{4CF56C34-E4C2-49CE-B268-623FA82E5E4B}.Release|Any CPU.Build.0 = Release|Any CPU
		{982F60B2-22B4-4196-9C7F-0E56BAA0F965}.Debug|Any CPU.ActiveCfg = Debug|Any CPU
		{982F60B2-22B4-4196-9C7F-0E56BAA0F965}.Debug|Any CPU.Build.0 = Debug|Any CPU
		{982F60B2-22B4-4196-9C7F-0E56BAA0F965}.Release|Any CPU.ActiveCfg = Release|Any CPU
		{982F60B2-22B4-4196-9C7F-0E56BAA0F965}.Release|Any CPU.Build.0 = Release|Any CPU
	EndGlobalSection
	GlobalSection(SolutionProperties) = preSolution
		HideSolutionNode = FALSE
	EndGlobalSection
	GlobalSection(NestedProjects) = preSolution
		{B755E363-6C06-4FD7-B7C3-89689D41FF5E} = {22CE2E60-04F2-45B8-9F8A-6F6064FE3C39}
		{91409038-BB6A-41BE-99A2-13989542F888} = {22CE2E60-04F2-45B8-9F8A-6F6064FE3C39}
		{96CDDFCF-6202-4369-836F-BB2F77FEB1EA} = {22CE2E60-04F2-45B8-9F8A-6F6064FE3C39}
		{BFC0D15F-B914-4B84-9927-D063C8563358} = {22CE2E60-04F2-45B8-9F8A-6F6064FE3C39}
		{5F1078CD-20CC-464C-9107-4315AA3D9F01} = {22CE2E60-04F2-45B8-9F8A-6F6064FE3C39}
		{35D70589-7154-44DA-A5A6-D60CE8B5C64F} = {22CE2E60-04F2-45B8-9F8A-6F6064FE3C39}
		{9F601155-2533-403C-AC02-A7470012BE14} = {C939B479-3A4E-4DB2-97A9-3AFD6ED3D578}
		{9111B713-AEE5-43E0-86FE-75478A708493} = {C939B479-3A4E-4DB2-97A9-3AFD6ED3D578}
		{2AD02907-703D-4E80-ABED-BA5FB2D1EF88} = {FA906EB8-E366-401E-AB57-DB5CBE955FA4}
		{C339274C-4270-48AA-B6F9-AEBFAFD48437} = {FA906EB8-E366-401E-AB57-DB5CBE955FA4}
		{8A1E7928-DFFD-46B1-87D2-BFAC5E3468E9} = {FA906EB8-E366-401E-AB57-DB5CBE955FA4}
		{BC9275B4-B9B6-4D1D-966D-9637D7944BFA} = {FA906EB8-E366-401E-AB57-DB5CBE955FA4}
		{AC91E0D6-8834-481C-8698-4D8FFB55BCC5} = {FA906EB8-E366-401E-AB57-DB5CBE955FA4}
		{4CB08AF7-AE1C-40D8-B979-573B0195059F} = {FA906EB8-E366-401E-AB57-DB5CBE955FA4}
		{CB350F55-198F-4821-AC5E-7CEC3E601D6C} = {FA906EB8-E366-401E-AB57-DB5CBE955FA4}
		{1A8038CC-827E-48DE-A3E1-8DE95DAB1174} = {FA906EB8-E366-401E-AB57-DB5CBE955FA4}
		{75CDEE2F-A6BF-4FDF-A1C4-A21235314901} = {4E1F6D3D-8C3F-4473-884C-FF7CF48B2CF5}
		{373879FF-91F4-45CF-8370-9719E34EA9EE} = {4E1F6D3D-8C3F-4473-884C-FF7CF48B2CF5}
		{7558C2D7-FB02-4C57-8731-675ADA2DE7A5} = {4E1F6D3D-8C3F-4473-884C-FF7CF48B2CF5}
		{1564E613-7973-4A95-B9CF-D275B484F4EF} = {4E1F6D3D-8C3F-4473-884C-FF7CF48B2CF5}
		{A58BBF25-A5B2-4B3B-BAE7-ADED28C1E312} = {4E1F6D3D-8C3F-4473-884C-FF7CF48B2CF5}
		{AAB073D2-CFE9-4E32-9DD6-FFF221A8F6AA} = {44708723-7D72-45B8-B187-CCF4FED8B57D}
		{7C2024F1-5439-4BD1-B2C1-EEA1160BEB59} = {44708723-7D72-45B8-B187-CCF4FED8B57D}
		{39B13BED-003B-4F3E-BB75-466AAEF307EF} = {44708723-7D72-45B8-B187-CCF4FED8B57D}
		{4BE19836-7550-4108-8507-5FAC0AD660E6} = {33ACD804-BFFB-4134-B4EE-76E474F03F8A}
		{8BC2DD1F-D90C-411F-B025-DA8A2E3812F3} = {33ACD804-BFFB-4134-B4EE-76E474F03F8A}
		{63AB354D-97A1-4DCC-B897-79D1D85898D2} = {33ACD804-BFFB-4134-B4EE-76E474F03F8A}
		{D403B411-822E-46E7-9DD3-4CE5A978678B} = {33ACD804-BFFB-4134-B4EE-76E474F03F8A}
		{30DE5400-A3B5-44EA-8F69-96A5D0A3732F} = {33ACD804-BFFB-4134-B4EE-76E474F03F8A}
		{EC6783D0-15F9-44E2-A9E9-44530F1A9021} = {33ACD804-BFFB-4134-B4EE-76E474F03F8A}
		{F32FE153-17A3-4341-AF21-DCC72BBD4E61} = {33ACD804-BFFB-4134-B4EE-76E474F03F8A}
		{9E1BAD2C-6967-4FE9-817A-BB7D60F7DADF} = {E5C2B5C7-6C60-4240-8D15-5F549F3EF903}
		{9303EB56-6EAE-4DFA-867E-6F56199DAC10} = {E5C2B5C7-6C60-4240-8D15-5F549F3EF903}
		{72813872-0FC2-41B2-99ED-D5625D565D5B} = {E5C2B5C7-6C60-4240-8D15-5F549F3EF903}
		{60B5C8BA-E279-415C-816F-B376D02549EA} = {E5C2B5C7-6C60-4240-8D15-5F549F3EF903}
		{E2DF8D0C-DC7B-401F-892E-1DE4E61210E7} = {E5C2B5C7-6C60-4240-8D15-5F549F3EF903}
		{63957EFE-BDCD-44C2-9AEA-09E8AB8DA48D} = {E5C2B5C7-6C60-4240-8D15-5F549F3EF903}
		{D081F226-25AE-4723-9D86-4D858E935B09} = {E5C2B5C7-6C60-4240-8D15-5F549F3EF903}
		{8467D7A4-15AB-4F1E-AD14-7A0986F0D08B} = {E9FEF022-F998-4DB1-B165-72169FEA1E58}
		{7F66A3F6-B725-4211-BC58-D0A9102B80F1} = {E9FEF022-F998-4DB1-B165-72169FEA1E58}
		{521EFCF7-82DC-46D5-9284-AF506417BD5A} = {E9FEF022-F998-4DB1-B165-72169FEA1E58}
		{783E7A15-7901-46B5-A8C5-07F93B1F1656} = {7673ADCE-D7D4-49E0-8D1A-1017892739C9}
		{EC3D6363-3EFC-4439-9473-FE0D954373DF} = {7673ADCE-D7D4-49E0-8D1A-1017892739C9}
		{19C7E786-5E7D-44C2-AC5C-3F7DD4F1D74D} = {7673ADCE-D7D4-49E0-8D1A-1017892739C9}
		{7664F31D-419A-4364-9B4E-BBEBAEE420F7} = {FD5A1F23-89E5-41D3-8555-2643AFB55FBB}
		{E5C912DA-D854-41A6-B71C-389BA1A1C301} = {FD5A1F23-89E5-41D3-8555-2643AFB55FBB}
		{1192ED61-6FD6-4401-BE9A-2ABEB7D89439} = {FD5A1F23-89E5-41D3-8555-2643AFB55FBB}
		{2B48CF03-68D2-4297-9FDE-365C22CE549B} = {5C71F2BC-3648-4CC7-9D15-891C5B77B848}
		{2316F4B3-5E94-4E08-AD11-CB1A17A308A2} = {5C71F2BC-3648-4CC7-9D15-891C5B77B848}
		{7F8A8617-C0A1-424B-A3D3-E9066A5485CD} = {5C71F2BC-3648-4CC7-9D15-891C5B77B848}
		{4CF56C34-E4C2-49CE-B268-623FA82E5E4B} = {5C71F2BC-3648-4CC7-9D15-891C5B77B848}
		{982F60B2-22B4-4196-9C7F-0E56BAA0F965} = {5C71F2BC-3648-4CC7-9D15-891C5B77B848}
	EndGlobalSection
	GlobalSection(ExtensibilityGlobals) = postSolution
		SolutionGuid = {0E592602-AC00-40D0-8E2E-9ACA81DB0DF1}
	EndGlobalSection
EndGlobal
