
Microsoft Visual Studio Solution File, Format Version 12.00
# Visual Studio Version 17
VisualStudioVersion = 17.2.32210.308
MinimumVisualStudioVersion = 10.0.40219.1
Project("{FAE04EC0-301F-11D3-BF4B-00C04F79EFBC}") = "Sharp11", "Sharp11\Sharp11.csproj", "{8191B089-6B7D-4E8D-85DB-13D0471FDCDF}"
EndProject
Project("{2150E333-8FDC-42A3-9474-1A3956D46DE8}") = "GenericAttributes", "GenericAttributes", "{22CE2E60-04F2-45B8-9F8A-6F6064FE3C39}"
EndProject
Project("{FAE04EC0-301F-11D3-BF4B-00C04F79EFBC}") = "GenericAttributes_Core", "GenericAttributes_Core\GenericAttributes_Core.csproj", "{B755E363-6C06-4FD7-B7C3-89689D41FF5E}"
EndProject
Global
	GlobalSection(SolutionConfigurationPlatforms) = preSolution
		Debug|Any CPU = Debug|Any CPU
		Release|Any CPU = Release|Any CPU
	EndGlobalSection
	GlobalSection(ProjectConfigurationPlatforms) = postSolution
		{8191B089-6B7D-4E8D-85DB-13D0471FDCDF}.Debug|Any CPU.ActiveCfg = Debug|Any CPU
		{8191B089-6B7D-4E8D-85DB-13D0471FDCDF}.Debug|Any CPU.Build.0 = Debug|Any CPU
		{8191B089-6B7D-4E8D-85DB-13D0471FDCDF}.Release|Any CPU.ActiveCfg = Release|Any CPU
		{8191B089-6B7D-4E8D-85DB-13D0471FDCDF}.Release|Any CPU.Build.0 = Release|Any CPU
		{B755E363-6C06-4FD7-B7C3-89689D41FF5E}.Debug|Any CPU.ActiveCfg = Debug|Any CPU
		{B755E363-6C06-4FD7-B7C3-89689D41FF5E}.Debug|Any CPU.Build.0 = Debug|Any CPU
		{B755E363-6C06-4FD7-B7C3-89689D41FF5E}.Release|Any CPU.ActiveCfg = Release|Any CPU
		{B755E363-6C06-4FD7-B7C3-89689D41FF5E}.Release|Any CPU.Build.0 = Release|Any CPU
	EndGlobalSection
	GlobalSection(SolutionProperties) = preSolution
		HideSolutionNode = FALSE
	EndGlobalSection
	GlobalSection(NestedProjects) = preSolution
		{B755E363-6C06-4FD7-B7C3-89689D41FF5E} = {22CE2E60-04F2-45B8-9F8A-6F6064FE3C39}
	EndGlobalSection
	GlobalSection(ExtensibilityGlobals) = postSolution
		SolutionGuid = {0E592602-AC00-40D0-8E2E-9ACA81DB0DF1}
	EndGlobalSection
EndGlobal
